// !$*UTF8*$!
{
	archiveVersion = 1;
	classes = {
	};
	objectVersion = 50;
	objects = {

/* Begin PBXBuildFile section */
		85083A08C7329C40AB9EB67E /* Pods_Grille.framework in Frameworks */ = {isa = PBXBuildFile; fileRef = D24EDFAF08F8E13541E07A71 /* Pods_Grille.framework */; };
		972314DA22156DA9008F4C5F /* AdditiveGenerator.swift in Sources */ = {isa = PBXBuildFile; fileRef = 972314D922156DA9008F4C5F /* AdditiveGenerator.swift */; };
		972314DB22156DA9008F4C5F /* AdditiveGenerator.swift in Sources */ = {isa = PBXBuildFile; fileRef = 972314D922156DA9008F4C5F /* AdditiveGenerator.swift */; };
		972314DD22156DEE008F4C5F /* ColorsConfig.swift in Sources */ = {isa = PBXBuildFile; fileRef = 972314DC22156DEE008F4C5F /* ColorsConfig.swift */; };
		972314DE22156DEE008F4C5F /* ColorsConfig.swift in Sources */ = {isa = PBXBuildFile; fileRef = 972314DC22156DEE008F4C5F /* ColorsConfig.swift */; };
		972314E122156E89008F4C5F /* RenderConfig.swift in Sources */ = {isa = PBXBuildFile; fileRef = 972314E022156E89008F4C5F /* RenderConfig.swift */; };
		972314E222156E89008F4C5F /* RenderConfig.swift in Sources */ = {isa = PBXBuildFile; fileRef = 972314E022156E89008F4C5F /* RenderConfig.swift */; };
		972314E522159F76008F4C5F /* Pointable.swift in Sources */ = {isa = PBXBuildFile; fileRef = 972314E422159F76008F4C5F /* Pointable.swift */; };
		972314E622159F76008F4C5F /* Pointable.swift in Sources */ = {isa = PBXBuildFile; fileRef = 972314E422159F76008F4C5F /* Pointable.swift */; };
		972314E822159FDC008F4C5F /* PolarPoint.swift in Sources */ = {isa = PBXBuildFile; fileRef = 972314E722159FDC008F4C5F /* PolarPoint.swift */; };
		972314E922159FDC008F4C5F /* PolarPoint.swift in Sources */ = {isa = PBXBuildFile; fileRef = 972314E722159FDC008F4C5F /* PolarPoint.swift */; };
		972314EC2215A134008F4C5F /* UISegmentedControl+SY.swift in Sources */ = {isa = PBXBuildFile; fileRef = 972314EB2215A134008F4C5F /* UISegmentedControl+SY.swift */; };
		972314ED2215A134008F4C5F /* UISegmentedControl+SY.swift in Sources */ = {isa = PBXBuildFile; fileRef = 972314EB2215A134008F4C5F /* UISegmentedControl+SY.swift */; };
		972314EF2215A29D008F4C5F /* Colorable.swift in Sources */ = {isa = PBXBuildFile; fileRef = 972314EE2215A29D008F4C5F /* Colorable.swift */; };
		972314F02215A29D008F4C5F /* Colorable.swift in Sources */ = {isa = PBXBuildFile; fileRef = 972314EE2215A29D008F4C5F /* Colorable.swift */; };
		972314F22215A6E9008F4C5F /* MassPoint.swift in Sources */ = {isa = PBXBuildFile; fileRef = 972314F12215A6E9008F4C5F /* MassPoint.swift */; };
		972314F32215A6E9008F4C5F /* MassPoint.swift in Sources */ = {isa = PBXBuildFile; fileRef = 972314F12215A6E9008F4C5F /* MassPoint.swift */; };
		972314F82215AA95008F4C5F /* CGVector+SY.swift in Sources */ = {isa = PBXBuildFile; fileRef = 972314F72215AA95008F4C5F /* CGVector+SY.swift */; };
		972314F92215AA95008F4C5F /* CGVector+SY.swift in Sources */ = {isa = PBXBuildFile; fileRef = 972314F72215AA95008F4C5F /* CGVector+SY.swift */; };
		97262C73221563060004697D /* AppDelegate.swift in Sources */ = {isa = PBXBuildFile; fileRef = 97262C72221563060004697D /* AppDelegate.swift */; };
		97262C75221563060004697D /* RondVC.swift in Sources */ = {isa = PBXBuildFile; fileRef = 97262C74221563060004697D /* RondVC.swift */; };
		97262C78221563060004697D /* Main.storyboard in Resources */ = {isa = PBXBuildFile; fileRef = 97262C76221563060004697D /* Main.storyboard */; };
		97262C7A221563070004697D /* Assets.xcassets in Resources */ = {isa = PBXBuildFile; fileRef = 97262C79221563070004697D /* Assets.xcassets */; };
		97262C7D221563070004697D /* LaunchScreen.storyboard in Resources */ = {isa = PBXBuildFile; fileRef = 97262C7B221563070004697D /* LaunchScreen.storyboard */; };
		97262C892215631A0004697D /* AppDelegate.swift in Sources */ = {isa = PBXBuildFile; fileRef = 97262C882215631A0004697D /* AppDelegate.swift */; };
		97262C8B2215631A0004697D /* GrilleVC.swift in Sources */ = {isa = PBXBuildFile; fileRef = 97262C8A2215631A0004697D /* GrilleVC.swift */; };
		97262C8E2215631A0004697D /* Main.storyboard in Resources */ = {isa = PBXBuildFile; fileRef = 97262C8C2215631A0004697D /* Main.storyboard */; };
		97262C902215631A0004697D /* Assets.xcassets in Resources */ = {isa = PBXBuildFile; fileRef = 97262C8F2215631A0004697D /* Assets.xcassets */; };
		97262C932215631A0004697D /* LaunchScreen.storyboard in Resources */ = {isa = PBXBuildFile; fileRef = 97262C912215631A0004697D /* LaunchScreen.storyboard */; };
		97CC05B82215644000780F94 /* GrilleGenerator.swift in Sources */ = {isa = PBXBuildFile; fileRef = 97CC05B72215643F00780F94 /* GrilleGenerator.swift */; };
		97CC05BA2215644700780F94 /* RondGenerator.swift in Sources */ = {isa = PBXBuildFile; fileRef = 97CC05B92215644700780F94 /* RondGenerator.swift */; };
		97CC05BB2215644A00780F94 /* Benchmark.swift in Sources */ = {isa = PBXBuildFile; fileRef = 97262C67221562F50004697D /* Benchmark.swift */; };
		97CC05BC2215644A00780F94 /* Maths.swift in Sources */ = {isa = PBXBuildFile; fileRef = 97262C68221562F50004697D /* Maths.swift */; };
		97CC05BD2215644A00780F94 /* CGPoint+SY.swift in Sources */ = {isa = PBXBuildFile; fileRef = 97262C69221562F50004697D /* CGPoint+SY.swift */; };
		97CC05BE2215644A00780F94 /* UIBezierPath+SY.swift in Sources */ = {isa = PBXBuildFile; fileRef = 97262C6A221562F50004697D /* UIBezierPath+SY.swift */; };
		97CC05BF2215644A00780F94 /* UIColor+SY.swift in Sources */ = {isa = PBXBuildFile; fileRef = 97262C6B221562F50004697D /* UIColor+SY.swift */; };
		97CC05C02215644B00780F94 /* Benchmark.swift in Sources */ = {isa = PBXBuildFile; fileRef = 97262C67221562F50004697D /* Benchmark.swift */; };
		97CC05C12215644B00780F94 /* Maths.swift in Sources */ = {isa = PBXBuildFile; fileRef = 97262C68221562F50004697D /* Maths.swift */; };
		97CC05C22215644B00780F94 /* CGPoint+SY.swift in Sources */ = {isa = PBXBuildFile; fileRef = 97262C69221562F50004697D /* CGPoint+SY.swift */; };
		97CC05C32215644B00780F94 /* UIBezierPath+SY.swift in Sources */ = {isa = PBXBuildFile; fileRef = 97262C6A221562F50004697D /* UIBezierPath+SY.swift */; };
		97CC05C42215644B00780F94 /* UIColor+SY.swift in Sources */ = {isa = PBXBuildFile; fileRef = 97262C6B221562F50004697D /* UIColor+SY.swift */; };
		97CC05CA2215650700780F94 /* RondConfig.swift in Sources */ = {isa = PBXBuildFile; fileRef = 97CC05C92215650700780F94 /* RondConfig.swift */; };
		97CC05CC2215651800780F94 /* Configurable.swift in Sources */ = {isa = PBXBuildFile; fileRef = 97CC05CB2215651800780F94 /* Configurable.swift */; };
		97CC05CD2215651800780F94 /* Configurable.swift in Sources */ = {isa = PBXBuildFile; fileRef = 97CC05CB2215651800780F94 /* Configurable.swift */; };
		97CC05CF221566BE00780F94 /* GrilleConfig.swift in Sources */ = {isa = PBXBuildFile; fileRef = 97CC05CE221566BE00780F94 /* GrilleConfig.swift */; };
		A12E7CC753F6DA9A816F051F /* Pods_Rond.framework in Frameworks */ = {isa = PBXBuildFile; fileRef = 50ED69A5973B0A1485EB08D9 /* Pods_Rond.framework */; };
/* End PBXBuildFile section */

/* Begin PBXFileReference section */
		0E6759E33F70D7FC7FCDD078 /* Pods-Grille.debug.xcconfig */ = {isa = PBXFileReference; includeInIndex = 1; lastKnownFileType = text.xcconfig; name = "Pods-Grille.debug.xcconfig"; path = "Target Support Files/Pods-Grille/Pods-Grille.debug.xcconfig"; sourceTree = "<group>"; };
		50ED69A5973B0A1485EB08D9 /* Pods_Rond.framework */ = {isa = PBXFileReference; explicitFileType = wrapper.framework; includeInIndex = 0; path = Pods_Rond.framework; sourceTree = BUILT_PRODUCTS_DIR; };
		6DA884E1D31F016C6BC1DC8E /* Pods-Rond.debug.xcconfig */ = {isa = PBXFileReference; includeInIndex = 1; lastKnownFileType = text.xcconfig; name = "Pods-Rond.debug.xcconfig"; path = "Target Support Files/Pods-Rond/Pods-Rond.debug.xcconfig"; sourceTree = "<group>"; };
		972314D922156DA9008F4C5F /* AdditiveGenerator.swift */ = {isa = PBXFileReference; lastKnownFileType = sourcecode.swift; path = AdditiveGenerator.swift; sourceTree = "<group>"; };
		972314DC22156DEE008F4C5F /* ColorsConfig.swift */ = {isa = PBXFileReference; lastKnownFileType = sourcecode.swift; path = ColorsConfig.swift; sourceTree = "<group>"; };
		972314E022156E89008F4C5F /* RenderConfig.swift */ = {isa = PBXFileReference; lastKnownFileType = sourcecode.swift; path = RenderConfig.swift; sourceTree = "<group>"; };
		972314E422159F76008F4C5F /* Pointable.swift */ = {isa = PBXFileReference; lastKnownFileType = sourcecode.swift; path = Pointable.swift; sourceTree = "<group>"; };
		972314E722159FDC008F4C5F /* PolarPoint.swift */ = {isa = PBXFileReference; lastKnownFileType = sourcecode.swift; path = PolarPoint.swift; sourceTree = "<group>"; };
		972314EB2215A134008F4C5F /* UISegmentedControl+SY.swift */ = {isa = PBXFileReference; lastKnownFileType = sourcecode.swift; path = "UISegmentedControl+SY.swift"; sourceTree = "<group>"; };
		972314EE2215A29D008F4C5F /* Colorable.swift */ = {isa = PBXFileReference; lastKnownFileType = sourcecode.swift; path = Colorable.swift; sourceTree = "<group>"; };
		972314F12215A6E9008F4C5F /* MassPoint.swift */ = {isa = PBXFileReference; lastKnownFileType = sourcecode.swift; path = MassPoint.swift; sourceTree = "<group>"; };
		972314F72215AA95008F4C5F /* CGVector+SY.swift */ = {isa = PBXFileReference; lastKnownFileType = sourcecode.swift; path = "CGVector+SY.swift"; sourceTree = "<group>"; };
		97262C67221562F50004697D /* Benchmark.swift */ = {isa = PBXFileReference; lastKnownFileType = sourcecode.swift; path = Benchmark.swift; sourceTree = "<group>"; };
		97262C68221562F50004697D /* Maths.swift */ = {isa = PBXFileReference; lastKnownFileType = sourcecode.swift; path = Maths.swift; sourceTree = "<group>"; };
		97262C69221562F50004697D /* CGPoint+SY.swift */ = {isa = PBXFileReference; lastKnownFileType = sourcecode.swift; path = "CGPoint+SY.swift"; sourceTree = "<group>"; };
		97262C6A221562F50004697D /* UIBezierPath+SY.swift */ = {isa = PBXFileReference; lastKnownFileType = sourcecode.swift; path = "UIBezierPath+SY.swift"; sourceTree = "<group>"; };
		97262C6B221562F50004697D /* UIColor+SY.swift */ = {isa = PBXFileReference; lastKnownFileType = sourcecode.swift; path = "UIColor+SY.swift"; sourceTree = "<group>"; };
		97262C70221563060004697D /* Rond.app */ = {isa = PBXFileReference; explicitFileType = wrapper.application; includeInIndex = 0; path = Rond.app; sourceTree = BUILT_PRODUCTS_DIR; };
		97262C72221563060004697D /* AppDelegate.swift */ = {isa = PBXFileReference; lastKnownFileType = sourcecode.swift; path = AppDelegate.swift; sourceTree = "<group>"; };
		97262C74221563060004697D /* RondVC.swift */ = {isa = PBXFileReference; lastKnownFileType = sourcecode.swift; path = RondVC.swift; sourceTree = "<group>"; };
		97262C77221563060004697D /* Base */ = {isa = PBXFileReference; lastKnownFileType = file.storyboard; name = Base; path = Base.lproj/Main.storyboard; sourceTree = "<group>"; };
		97262C79221563070004697D /* Assets.xcassets */ = {isa = PBXFileReference; lastKnownFileType = folder.assetcatalog; path = Assets.xcassets; sourceTree = "<group>"; };
		97262C7C221563070004697D /* Base */ = {isa = PBXFileReference; lastKnownFileType = file.storyboard; name = Base; path = Base.lproj/LaunchScreen.storyboard; sourceTree = "<group>"; };
		97262C7E221563070004697D /* Info.plist */ = {isa = PBXFileReference; lastKnownFileType = text.plist.xml; path = Info.plist; sourceTree = "<group>"; };
		97262C862215631A0004697D /* Grille.app */ = {isa = PBXFileReference; explicitFileType = wrapper.application; includeInIndex = 0; path = Grille.app; sourceTree = BUILT_PRODUCTS_DIR; };
		97262C882215631A0004697D /* AppDelegate.swift */ = {isa = PBXFileReference; lastKnownFileType = sourcecode.swift; path = AppDelegate.swift; sourceTree = "<group>"; };
		97262C8A2215631A0004697D /* GrilleVC.swift */ = {isa = PBXFileReference; lastKnownFileType = sourcecode.swift; path = GrilleVC.swift; sourceTree = "<group>"; };
		97262C8D2215631A0004697D /* Base */ = {isa = PBXFileReference; lastKnownFileType = file.storyboard; name = Base; path = Base.lproj/Main.storyboard; sourceTree = "<group>"; };
		97262C8F2215631A0004697D /* Assets.xcassets */ = {isa = PBXFileReference; lastKnownFileType = folder.assetcatalog; path = Assets.xcassets; sourceTree = "<group>"; };
		97262C922215631A0004697D /* Base */ = {isa = PBXFileReference; lastKnownFileType = file.storyboard; name = Base; path = Base.lproj/LaunchScreen.storyboard; sourceTree = "<group>"; };
		97262C942215631A0004697D /* Info.plist */ = {isa = PBXFileReference; lastKnownFileType = text.plist.xml; path = Info.plist; sourceTree = "<group>"; };
		97CC05B72215643F00780F94 /* GrilleGenerator.swift */ = {isa = PBXFileReference; fileEncoding = 4; lastKnownFileType = sourcecode.swift; path = GrilleGenerator.swift; sourceTree = "<group>"; };
		97CC05B92215644700780F94 /* RondGenerator.swift */ = {isa = PBXFileReference; fileEncoding = 4; lastKnownFileType = sourcecode.swift; path = RondGenerator.swift; sourceTree = "<group>"; };
		97CC05C92215650700780F94 /* RondConfig.swift */ = {isa = PBXFileReference; lastKnownFileType = sourcecode.swift; path = RondConfig.swift; sourceTree = "<group>"; };
		97CC05CB2215651800780F94 /* Configurable.swift */ = {isa = PBXFileReference; lastKnownFileType = sourcecode.swift; path = Configurable.swift; sourceTree = "<group>"; };
		97CC05CE221566BE00780F94 /* GrilleConfig.swift */ = {isa = PBXFileReference; lastKnownFileType = sourcecode.swift; path = GrilleConfig.swift; sourceTree = "<group>"; };
		9D7741972A80571BA1AF4765 /* Pods-Grille.release.xcconfig */ = {isa = PBXFileReference; includeInIndex = 1; lastKnownFileType = text.xcconfig; name = "Pods-Grille.release.xcconfig"; path = "Target Support Files/Pods-Grille/Pods-Grille.release.xcconfig"; sourceTree = "<group>"; };
		D24EDFAF08F8E13541E07A71 /* Pods_Grille.framework */ = {isa = PBXFileReference; explicitFileType = wrapper.framework; includeInIndex = 0; path = Pods_Grille.framework; sourceTree = BUILT_PRODUCTS_DIR; };
		E94F6F07691516271CB81EAE /* Pods-Rond.release.xcconfig */ = {isa = PBXFileReference; includeInIndex = 1; lastKnownFileType = text.xcconfig; name = "Pods-Rond.release.xcconfig"; path = "Target Support Files/Pods-Rond/Pods-Rond.release.xcconfig"; sourceTree = "<group>"; };
/* End PBXFileReference section */

/* Begin PBXFrameworksBuildPhase section */
		97262C6D221563060004697D /* Frameworks */ = {
			isa = PBXFrameworksBuildPhase;
			buildActionMask = 2147483647;
			files = (
				A12E7CC753F6DA9A816F051F /* Pods_Rond.framework in Frameworks */,
			);
			runOnlyForDeploymentPostprocessing = 0;
		};
		97262C832215631A0004697D /* Frameworks */ = {
			isa = PBXFrameworksBuildPhase;
			buildActionMask = 2147483647;
			files = (
				85083A08C7329C40AB9EB67E /* Pods_Grille.framework in Frameworks */,
			);
			runOnlyForDeploymentPostprocessing = 0;
		};
/* End PBXFrameworksBuildPhase section */

/* Begin PBXGroup section */
		04866587EB30923BCF0A7BBA /* Pods */ = {
			isa = PBXGroup;
			children = (
				0E6759E33F70D7FC7FCDD078 /* Pods-Grille.debug.xcconfig */,
				9D7741972A80571BA1AF4765 /* Pods-Grille.release.xcconfig */,
				6DA884E1D31F016C6BC1DC8E /* Pods-Rond.debug.xcconfig */,
				E94F6F07691516271CB81EAE /* Pods-Rond.release.xcconfig */,
			);
			path = Pods;
			sourceTree = "<group>";
		};
		41130F71654CB1DD5C8396CC /* Frameworks */ = {
			isa = PBXGroup;
			children = (
				D24EDFAF08F8E13541E07A71 /* Pods_Grille.framework */,
				50ED69A5973B0A1485EB08D9 /* Pods_Rond.framework */,
			);
			name = Frameworks;
			sourceTree = "<group>";
		};
		972314DF22156DF5008F4C5F /* Generator */ = {
			isa = PBXGroup;
			children = (
				972314D922156DA9008F4C5F /* AdditiveGenerator.swift */,
				97CC05CB2215651800780F94 /* Configurable.swift */,
				972314DC22156DEE008F4C5F /* ColorsConfig.swift */,
				972314E022156E89008F4C5F /* RenderConfig.swift */,
			);
			path = Generator;
			sourceTree = "<group>";
		};
		972314E322159F50008F4C5F /* Geometry */ = {
			isa = PBXGroup;
			children = (
				97262C69221562F50004697D /* CGPoint+SY.swift */,
				972314F12215A6E9008F4C5F /* MassPoint.swift */,
				972314E422159F76008F4C5F /* Pointable.swift */,
				972314E722159FDC008F4C5F /* PolarPoint.swift */,
				97262C6A221562F50004697D /* UIBezierPath+SY.swift */,
				972314F72215AA95008F4C5F /* CGVector+SY.swift */,
			);
			path = Geometry;
			sourceTree = "<group>";
		};
		972314EA2215A112008F4C5F /* UI */ = {
			isa = PBXGroup;
			children = (
				97262C6B221562F50004697D /* UIColor+SY.swift */,
				972314EB2215A134008F4C5F /* UISegmentedControl+SY.swift */,
				972314EE2215A29D008F4C5F /* Colorable.swift */,
			);
			path = UI;
			sourceTree = "<group>";
		};
		97262C48221562A90004697D = {
			isa = PBXGroup;
			children = (
				97262C66221562F50004697D /* Source-Common */,
				97262C71221563060004697D /* Source-Rond */,
				97262C872215631A0004697D /* Source-Grille */,
				97262C52221562A90004697D /* Products */,
				04866587EB30923BCF0A7BBA /* Pods */,
				41130F71654CB1DD5C8396CC /* Frameworks */,
			);
			sourceTree = "<group>";
		};
		97262C52221562A90004697D /* Products */ = {
			isa = PBXGroup;
			children = (
				97262C70221563060004697D /* Rond.app */,
				97262C862215631A0004697D /* Grille.app */,
			);
			name = Products;
			sourceTree = "<group>";
		};
		97262C66221562F50004697D /* Source-Common */ = {
			isa = PBXGroup;
			children = (
				97262C67221562F50004697D /* Benchmark.swift */,
				972314DF22156DF5008F4C5F /* Generator */,
				972314E322159F50008F4C5F /* Geometry */,
				97262C68221562F50004697D /* Maths.swift */,
				972314EA2215A112008F4C5F /* UI */,
			);
			path = "Source-Common";
			sourceTree = "<group>";
		};
		97262C71221563060004697D /* Source-Rond */ = {
			isa = PBXGroup;
			children = (
				97CC05C92215650700780F94 /* RondConfig.swift */,
				97CC05B92215644700780F94 /* RondGenerator.swift */,
				97262C74221563060004697D /* RondVC.swift */,
				97262C76221563060004697D /* Main.storyboard */,
				97CC05C7221564DF00780F94 /* Misc */,
			);
			path = "Source-Rond";
			sourceTree = "<group>";
		};
		97262C872215631A0004697D /* Source-Grille */ = {
			isa = PBXGroup;
			children = (
				97CC05CE221566BE00780F94 /* GrilleConfig.swift */,
				97CC05B72215643F00780F94 /* GrilleGenerator.swift */,
				97262C8A2215631A0004697D /* GrilleVC.swift */,
				97262C8C2215631A0004697D /* Main.storyboard */,
				97CC05C8221564ED00780F94 /* Misc */,
			);
			path = "Source-Grille";
			sourceTree = "<group>";
		};
		97CC05C7221564DF00780F94 /* Misc */ = {
			isa = PBXGroup;
			children = (
				97262C72221563060004697D /* AppDelegate.swift */,
				97262C79221563070004697D /* Assets.xcassets */,
				97262C7B221563070004697D /* LaunchScreen.storyboard */,
				97262C7E221563070004697D /* Info.plist */,
			);
			name = Misc;
			sourceTree = "<group>";
		};
		97CC05C8221564ED00780F94 /* Misc */ = {
			isa = PBXGroup;
			children = (
				97262C882215631A0004697D /* AppDelegate.swift */,
				97262C8F2215631A0004697D /* Assets.xcassets */,
				97262C912215631A0004697D /* LaunchScreen.storyboard */,
				97262C942215631A0004697D /* Info.plist */,
			);
			name = Misc;
			sourceTree = "<group>";
		};
/* End PBXGroup section */

/* Begin PBXNativeTarget section */
		97262C6F221563060004697D /* Rond */ = {
			isa = PBXNativeTarget;
			buildConfigurationList = 97262C7F221563070004697D /* Build configuration list for PBXNativeTarget "Rond" */;
			buildPhases = (
				EDF5DDE8E8BDABC7869E1A5A /* [CP] Check Pods Manifest.lock */,
				97CC05C6221564BD00780F94 /* TODOs */,
				97262C6C221563060004697D /* Sources */,
				97262C6D221563060004697D /* Frameworks */,
				97262C6E221563060004697D /* Resources */,
				3C213E58B95D6F81E73F3EA9 /* [CP] Embed Pods Frameworks */,
			);
			buildRules = (
			);
			dependencies = (
			);
			name = Rond;
			productName = Rond;
			productReference = 97262C70221563060004697D /* Rond.app */;
			productType = "com.apple.product-type.application";
		};
		97262C852215631A0004697D /* Grille */ = {
			isa = PBXNativeTarget;
			buildConfigurationList = 97262C952215631A0004697D /* Build configuration list for PBXNativeTarget "Grille" */;
			buildPhases = (
				FA3DE0092F59709038A5CF73 /* [CP] Check Pods Manifest.lock */,
				97CC05C52215647A00780F94 /* TODOs */,
				97262C822215631A0004697D /* Sources */,
				97262C832215631A0004697D /* Frameworks */,
				97262C842215631A0004697D /* Resources */,
				7578D022D4C53AFBEDEC22B4 /* [CP] Embed Pods Frameworks */,
			);
			buildRules = (
			);
			dependencies = (
			);
			name = Grille;
			productName = Grille;
			productReference = 97262C862215631A0004697D /* Grille.app */;
			productType = "com.apple.product-type.application";
		};
/* End PBXNativeTarget section */

/* Begin PBXProject section */
		97262C49221562A90004697D /* Project object */ = {
			isa = PBXProject;
			attributes = {
				LastSwiftUpdateCheck = 1010;
				LastUpgradeCheck = 1010;
				ORGANIZATIONNAME = Syan.me;
				TargetAttributes = {
					97262C6F221563060004697D = {
						CreatedOnToolsVersion = 10.1;
					};
					97262C852215631A0004697D = {
						CreatedOnToolsVersion = 10.1;
					};
				};
			};
			buildConfigurationList = 97262C4C221562A90004697D /* Build configuration list for PBXProject "Generative" */;
			compatibilityVersion = "Xcode 9.3";
			developmentRegion = en;
			hasScannedForEncodings = 0;
			knownRegions = (
				en,
				Base,
			);
			mainGroup = 97262C48221562A90004697D;
			productRefGroup = 97262C52221562A90004697D /* Products */;
			projectDirPath = "";
			projectRoot = "";
			targets = (
				97262C6F221563060004697D /* Rond */,
				97262C852215631A0004697D /* Grille */,
			);
		};
/* End PBXProject section */

/* Begin PBXResourcesBuildPhase section */
		97262C6E221563060004697D /* Resources */ = {
			isa = PBXResourcesBuildPhase;
			buildActionMask = 2147483647;
			files = (
				97262C7D221563070004697D /* LaunchScreen.storyboard in Resources */,
				97262C7A221563070004697D /* Assets.xcassets in Resources */,
				97262C78221563060004697D /* Main.storyboard in Resources */,
			);
			runOnlyForDeploymentPostprocessing = 0;
		};
		97262C842215631A0004697D /* Resources */ = {
			isa = PBXResourcesBuildPhase;
			buildActionMask = 2147483647;
			files = (
				97262C932215631A0004697D /* LaunchScreen.storyboard in Resources */,
				97262C902215631A0004697D /* Assets.xcassets in Resources */,
				97262C8E2215631A0004697D /* Main.storyboard in Resources */,
			);
			runOnlyForDeploymentPostprocessing = 0;
		};
/* End PBXResourcesBuildPhase section */

/* Begin PBXShellScriptBuildPhase section */
		3C213E58B95D6F81E73F3EA9 /* [CP] Embed Pods Frameworks */ = {
			isa = PBXShellScriptBuildPhase;
			buildActionMask = 2147483647;
			files = (
			);
			inputFileListPaths = (
			);
			inputPaths = (
				"${PODS_ROOT}/Target Support Files/Pods-Rond/Pods-Rond-frameworks.sh",
				"${BUILT_PRODUCTS_DIR}/SVProgressHUD/SVProgressHUD.framework",
			);
			name = "[CP] Embed Pods Frameworks";
			outputFileListPaths = (
			);
			outputPaths = (
				"${TARGET_BUILD_DIR}/${FRAMEWORKS_FOLDER_PATH}/SVProgressHUD.framework",
			);
			runOnlyForDeploymentPostprocessing = 0;
			shellPath = /bin/sh;
			shellScript = "\"${PODS_ROOT}/Target Support Files/Pods-Rond/Pods-Rond-frameworks.sh\"\n";
			showEnvVarsInLog = 0;
		};
		7578D022D4C53AFBEDEC22B4 /* [CP] Embed Pods Frameworks */ = {
			isa = PBXShellScriptBuildPhase;
			buildActionMask = 2147483647;
			files = (
			);
			inputFileListPaths = (
			);
			inputPaths = (
				"${PODS_ROOT}/Target Support Files/Pods-Grille/Pods-Grille-frameworks.sh",
				"${BUILT_PRODUCTS_DIR}/SVProgressHUD/SVProgressHUD.framework",
			);
			name = "[CP] Embed Pods Frameworks";
			outputFileListPaths = (
			);
			outputPaths = (
				"${TARGET_BUILD_DIR}/${FRAMEWORKS_FOLDER_PATH}/SVProgressHUD.framework",
			);
			runOnlyForDeploymentPostprocessing = 0;
			shellPath = /bin/sh;
			shellScript = "\"${PODS_ROOT}/Target Support Files/Pods-Grille/Pods-Grille-frameworks.sh\"\n";
			showEnvVarsInLog = 0;
		};
		97CC05C52215647A00780F94 /* TODOs */ = {
			isa = PBXShellScriptBuildPhase;
			buildActionMask = 2147483647;
			files = (
			);
			inputFileListPaths = (
			);
			inputPaths = (
			);
			name = TODOs;
			outputFileListPaths = (
			);
			outputPaths = (
			);
			runOnlyForDeploymentPostprocessing = 0;
			shellPath = /bin/sh;
			shellScript = "declare -a TAGS=(\"TODO:\" \"FIXME:\" \"ASK:\" \"WAITING:\")\necho \"searching ${SRCROOT} for ${TAGS}\"\n\nfor TAG in ${TAGS[@]}; do\nfind \"${SRCROOT}/Common\" \\( -name \"*.swift\" -or -name \"*.m\" -or -name \"*.h\" \\) -print0 | xargs -0 egrep --with-filename --line-number --only-matching \"($TAG).*\\$\" | perl -p -e \"s/($TAG)/ warning: \\$1/\"\ndone\n\nfor TAG in ${TAGS[@]}; do\nfind \"${SRCROOT}/Grille\" \\( -name \"*.swift\" -or -name \"*.m\" -or -name \"*.h\" \\) -print0 | xargs -0 egrep --with-filename --line-number --only-matching \"($TAG).*\\$\" | perl -p -e \"s/($TAG)/ warning: \\$1/\"\ndone\n";
		};
		97CC05C6221564BD00780F94 /* TODOs */ = {
			isa = PBXShellScriptBuildPhase;
			buildActionMask = 2147483647;
			files = (
			);
			inputFileListPaths = (
			);
			inputPaths = (
			);
			name = TODOs;
			outputFileListPaths = (
			);
			outputPaths = (
			);
			runOnlyForDeploymentPostprocessing = 0;
			shellPath = /bin/sh;
			shellScript = "declare -a TAGS=(\"TODO:\" \"FIXME:\" \"ASK:\" \"WAITING:\")\necho \"searching ${SRCROOT} for ${TAGS}\"\n\nfor TAG in ${TAGS[@]}; do\nfind \"${SRCROOT}/Common\" \\( -name \"*.swift\" -or -name \"*.m\" -or -name \"*.h\" \\) -print0 | xargs -0 egrep --with-filename --line-number --only-matching \"($TAG).*\\$\" | perl -p -e \"s/($TAG)/ warning: \\$1/\"\ndone\n\nfor TAG in ${TAGS[@]}; do\nfind \"${SRCROOT}/Grille\" \\( -name \"*.swift\" -or -name \"*.m\" -or -name \"*.h\" \\) -print0 | xargs -0 egrep --with-filename --line-number --only-matching \"($TAG).*\\$\" | perl -p -e \"s/($TAG)/ warning: \\$1/\"\ndone\n";
		};
		EDF5DDE8E8BDABC7869E1A5A /* [CP] Check Pods Manifest.lock */ = {
			isa = PBXShellScriptBuildPhase;
			buildActionMask = 2147483647;
			files = (
			);
			inputFileListPaths = (
			);
			inputPaths = (
				"${PODS_PODFILE_DIR_PATH}/Podfile.lock",
				"${PODS_ROOT}/Manifest.lock",
			);
			name = "[CP] Check Pods Manifest.lock";
			outputFileListPaths = (
			);
			outputPaths = (
				"$(DERIVED_FILE_DIR)/Pods-Rond-checkManifestLockResult.txt",
			);
			runOnlyForDeploymentPostprocessing = 0;
			shellPath = /bin/sh;
			shellScript = "diff \"${PODS_PODFILE_DIR_PATH}/Podfile.lock\" \"${PODS_ROOT}/Manifest.lock\" > /dev/null\nif [ $? != 0 ] ; then\n    # print error to STDERR\n    echo \"error: The sandbox is not in sync with the Podfile.lock. Run 'pod install' or update your CocoaPods installation.\" >&2\n    exit 1\nfi\n# This output is used by Xcode 'outputs' to avoid re-running this script phase.\necho \"SUCCESS\" > \"${SCRIPT_OUTPUT_FILE_0}\"\n";
			showEnvVarsInLog = 0;
		};
		FA3DE0092F59709038A5CF73 /* [CP] Check Pods Manifest.lock */ = {
			isa = PBXShellScriptBuildPhase;
			buildActionMask = 2147483647;
			files = (
			);
			inputFileListPaths = (
			);
			inputPaths = (
				"${PODS_PODFILE_DIR_PATH}/Podfile.lock",
				"${PODS_ROOT}/Manifest.lock",
			);
			name = "[CP] Check Pods Manifest.lock";
			outputFileListPaths = (
			);
			outputPaths = (
				"$(DERIVED_FILE_DIR)/Pods-Grille-checkManifestLockResult.txt",
			);
			runOnlyForDeploymentPostprocessing = 0;
			shellPath = /bin/sh;
			shellScript = "diff \"${PODS_PODFILE_DIR_PATH}/Podfile.lock\" \"${PODS_ROOT}/Manifest.lock\" > /dev/null\nif [ $? != 0 ] ; then\n    # print error to STDERR\n    echo \"error: The sandbox is not in sync with the Podfile.lock. Run 'pod install' or update your CocoaPods installation.\" >&2\n    exit 1\nfi\n# This output is used by Xcode 'outputs' to avoid re-running this script phase.\necho \"SUCCESS\" > \"${SCRIPT_OUTPUT_FILE_0}\"\n";
			showEnvVarsInLog = 0;
		};
/* End PBXShellScriptBuildPhase section */

/* Begin PBXSourcesBuildPhase section */
		97262C6C221563060004697D /* Sources */ = {
			isa = PBXSourcesBuildPhase;
			buildActionMask = 2147483647;
			files = (
				97CC05CC2215651800780F94 /* Configurable.swift in Sources */,
				97CC05BA2215644700780F94 /* RondGenerator.swift in Sources */,
				97CC05BB2215644A00780F94 /* Benchmark.swift in Sources */,
				972314EF2215A29D008F4C5F /* Colorable.swift in Sources */,
				97262C75221563060004697D /* RondVC.swift in Sources */,
				972314F82215AA95008F4C5F /* CGVector+SY.swift in Sources */,
				97CC05BC2215644A00780F94 /* Maths.swift in Sources */,
				97CC05BD2215644A00780F94 /* CGPoint+SY.swift in Sources */,
				972314E522159F76008F4C5F /* Pointable.swift in Sources */,
				972314E122156E89008F4C5F /* RenderConfig.swift in Sources */,
				972314EC2215A134008F4C5F /* UISegmentedControl+SY.swift in Sources */,
				972314DA22156DA9008F4C5F /* AdditiveGenerator.swift in Sources */,
				972314E822159FDC008F4C5F /* PolarPoint.swift in Sources */,
				97262C73221563060004697D /* AppDelegate.swift in Sources */,
				972314DD22156DEE008F4C5F /* ColorsConfig.swift in Sources */,
				97CC05BE2215644A00780F94 /* UIBezierPath+SY.swift in Sources */,
				97CC05BF2215644A00780F94 /* UIColor+SY.swift in Sources */,
				972314F22215A6E9008F4C5F /* MassPoint.swift in Sources */,
				97CC05CA2215650700780F94 /* RondConfig.swift in Sources */,
			);
			runOnlyForDeploymentPostprocessing = 0;
		};
		97262C822215631A0004697D /* Sources */ = {
			isa = PBXSourcesBuildPhase;
			buildActionMask = 2147483647;
			files = (
				97CC05B82215644000780F94 /* GrilleGenerator.swift in Sources */,
				97CC05C02215644B00780F94 /* Benchmark.swift in Sources */,
				97262C8B2215631A0004697D /* GrilleVC.swift in Sources */,
				972314F02215A29D008F4C5F /* Colorable.swift in Sources */,
				97CC05C12215644B00780F94 /* Maths.swift in Sources */,
				972314F92215AA95008F4C5F /* CGVector+SY.swift in Sources */,
				97CC05C22215644B00780F94 /* CGPoint+SY.swift in Sources */,
				97CC05CF221566BE00780F94 /* GrilleConfig.swift in Sources */,
				972314E622159F76008F4C5F /* Pointable.swift in Sources */,
				972314E222156E89008F4C5F /* RenderConfig.swift in Sources */,
				972314ED2215A134008F4C5F /* UISegmentedControl+SY.swift in Sources */,
				972314DB22156DA9008F4C5F /* AdditiveGenerator.swift in Sources */,
				972314E922159FDC008F4C5F /* PolarPoint.swift in Sources */,
				97262C892215631A0004697D /* AppDelegate.swift in Sources */,
				972314DE22156DEE008F4C5F /* ColorsConfig.swift in Sources */,
				97CC05CD2215651800780F94 /* Configurable.swift in Sources */,
				97CC05C32215644B00780F94 /* UIBezierPath+SY.swift in Sources */,
				972314F32215A6E9008F4C5F /* MassPoint.swift in Sources */,
				97CC05C42215644B00780F94 /* UIColor+SY.swift in Sources */,
			);
			runOnlyForDeploymentPostprocessing = 0;
		};
/* End PBXSourcesBuildPhase section */

/* Begin PBXVariantGroup section */
		97262C76221563060004697D /* Main.storyboard */ = {
			isa = PBXVariantGroup;
			children = (
				97262C77221563060004697D /* Base */,
			);
			name = Main.storyboard;
			sourceTree = "<group>";
		};
		97262C7B221563070004697D /* LaunchScreen.storyboard */ = {
			isa = PBXVariantGroup;
			children = (
				97262C7C221563070004697D /* Base */,
			);
			name = LaunchScreen.storyboard;
			sourceTree = "<group>";
		};
		97262C8C2215631A0004697D /* Main.storyboard */ = {
			isa = PBXVariantGroup;
			children = (
				97262C8D2215631A0004697D /* Base */,
			);
			name = Main.storyboard;
			sourceTree = "<group>";
		};
		97262C912215631A0004697D /* LaunchScreen.storyboard */ = {
			isa = PBXVariantGroup;
			children = (
				97262C922215631A0004697D /* Base */,
			);
			name = LaunchScreen.storyboard;
			sourceTree = "<group>";
		};
/* End PBXVariantGroup section */

/* Begin XCBuildConfiguration section */
		97262C61221562AA0004697D /* Debug */ = {
			isa = XCBuildConfiguration;
			buildSettings = {
				ALWAYS_SEARCH_USER_PATHS = NO;
				CLANG_ANALYZER_NONNULL = YES;
				CLANG_ANALYZER_NUMBER_OBJECT_CONVERSION = YES_AGGRESSIVE;
				CLANG_CXX_LANGUAGE_STANDARD = "gnu++14";
				CLANG_CXX_LIBRARY = "libc++";
				CLANG_ENABLE_MODULES = YES;
				CLANG_ENABLE_OBJC_ARC = YES;
				CLANG_ENABLE_OBJC_WEAK = YES;
				CLANG_WARN_BLOCK_CAPTURE_AUTORELEASING = YES;
				CLANG_WARN_BOOL_CONVERSION = YES;
				CLANG_WARN_COMMA = YES;
				CLANG_WARN_CONSTANT_CONVERSION = YES;
				CLANG_WARN_DEPRECATED_OBJC_IMPLEMENTATIONS = YES;
				CLANG_WARN_DIRECT_OBJC_ISA_USAGE = YES_ERROR;
				CLANG_WARN_DOCUMENTATION_COMMENTS = YES;
				CLANG_WARN_EMPTY_BODY = YES;
				CLANG_WARN_ENUM_CONVERSION = YES;
				CLANG_WARN_INFINITE_RECURSION = YES;
				CLANG_WARN_INT_CONVERSION = YES;
				CLANG_WARN_NON_LITERAL_NULL_CONVERSION = YES;
				CLANG_WARN_OBJC_IMPLICIT_RETAIN_SELF = YES;
				CLANG_WARN_OBJC_LITERAL_CONVERSION = YES;
				CLANG_WARN_OBJC_ROOT_CLASS = YES_ERROR;
				CLANG_WARN_RANGE_LOOP_ANALYSIS = YES;
				CLANG_WARN_STRICT_PROTOTYPES = YES;
				CLANG_WARN_SUSPICIOUS_MOVE = YES;
				CLANG_WARN_UNGUARDED_AVAILABILITY = YES_AGGRESSIVE;
				CLANG_WARN_UNREACHABLE_CODE = YES;
				CLANG_WARN__DUPLICATE_METHOD_MATCH = YES;
				CODE_SIGN_IDENTITY = "iPhone Developer";
				COPY_PHASE_STRIP = NO;
				DEBUG_INFORMATION_FORMAT = dwarf;
				ENABLE_STRICT_OBJC_MSGSEND = YES;
				ENABLE_TESTABILITY = YES;
				GCC_C_LANGUAGE_STANDARD = gnu11;
				GCC_DYNAMIC_NO_PIC = NO;
				GCC_NO_COMMON_BLOCKS = YES;
				GCC_OPTIMIZATION_LEVEL = 0;
				GCC_PREPROCESSOR_DEFINITIONS = (
					"DEBUG=1",
					"$(inherited)",
				);
				GCC_WARN_64_TO_32_BIT_CONVERSION = YES;
				GCC_WARN_ABOUT_RETURN_TYPE = YES_ERROR;
				GCC_WARN_UNDECLARED_SELECTOR = YES;
				GCC_WARN_UNINITIALIZED_AUTOS = YES_AGGRESSIVE;
				GCC_WARN_UNUSED_FUNCTION = YES;
				GCC_WARN_UNUSED_VARIABLE = YES;
				IPHONEOS_DEPLOYMENT_TARGET = 11.0;
				MTL_ENABLE_DEBUG_INFO = INCLUDE_SOURCE;
				MTL_FAST_MATH = YES;
				ONLY_ACTIVE_ARCH = YES;
				SDKROOT = iphoneos;
				SWIFT_ACTIVE_COMPILATION_CONDITIONS = DEBUG;
				SWIFT_OPTIMIZATION_LEVEL = "-Onone";
			};
			name = Debug;
		};
		97262C62221562AA0004697D /* Release */ = {
			isa = XCBuildConfiguration;
			buildSettings = {
				ALWAYS_SEARCH_USER_PATHS = NO;
				CLANG_ANALYZER_NONNULL = YES;
				CLANG_ANALYZER_NUMBER_OBJECT_CONVERSION = YES_AGGRESSIVE;
				CLANG_CXX_LANGUAGE_STANDARD = "gnu++14";
				CLANG_CXX_LIBRARY = "libc++";
				CLANG_ENABLE_MODULES = YES;
				CLANG_ENABLE_OBJC_ARC = YES;
				CLANG_ENABLE_OBJC_WEAK = YES;
				CLANG_WARN_BLOCK_CAPTURE_AUTORELEASING = YES;
				CLANG_WARN_BOOL_CONVERSION = YES;
				CLANG_WARN_COMMA = YES;
				CLANG_WARN_CONSTANT_CONVERSION = YES;
				CLANG_WARN_DEPRECATED_OBJC_IMPLEMENTATIONS = YES;
				CLANG_WARN_DIRECT_OBJC_ISA_USAGE = YES_ERROR;
				CLANG_WARN_DOCUMENTATION_COMMENTS = YES;
				CLANG_WARN_EMPTY_BODY = YES;
				CLANG_WARN_ENUM_CONVERSION = YES;
				CLANG_WARN_INFINITE_RECURSION = YES;
				CLANG_WARN_INT_CONVERSION = YES;
				CLANG_WARN_NON_LITERAL_NULL_CONVERSION = YES;
				CLANG_WARN_OBJC_IMPLICIT_RETAIN_SELF = YES;
				CLANG_WARN_OBJC_LITERAL_CONVERSION = YES;
				CLANG_WARN_OBJC_ROOT_CLASS = YES_ERROR;
				CLANG_WARN_RANGE_LOOP_ANALYSIS = YES;
				CLANG_WARN_STRICT_PROTOTYPES = YES;
				CLANG_WARN_SUSPICIOUS_MOVE = YES;
				CLANG_WARN_UNGUARDED_AVAILABILITY = YES_AGGRESSIVE;
				CLANG_WARN_UNREACHABLE_CODE = YES;
				CLANG_WARN__DUPLICATE_METHOD_MATCH = YES;
				CODE_SIGN_IDENTITY = "iPhone Developer";
				COPY_PHASE_STRIP = NO;
				DEBUG_INFORMATION_FORMAT = "dwarf-with-dsym";
				ENABLE_NS_ASSERTIONS = NO;
				ENABLE_STRICT_OBJC_MSGSEND = YES;
				GCC_C_LANGUAGE_STANDARD = gnu11;
				GCC_NO_COMMON_BLOCKS = YES;
				GCC_WARN_64_TO_32_BIT_CONVERSION = YES;
				GCC_WARN_ABOUT_RETURN_TYPE = YES_ERROR;
				GCC_WARN_UNDECLARED_SELECTOR = YES;
				GCC_WARN_UNINITIALIZED_AUTOS = YES_AGGRESSIVE;
				GCC_WARN_UNUSED_FUNCTION = YES;
				GCC_WARN_UNUSED_VARIABLE = YES;
				IPHONEOS_DEPLOYMENT_TARGET = 11.0;
				MTL_ENABLE_DEBUG_INFO = NO;
				MTL_FAST_MATH = YES;
				SDKROOT = iphoneos;
				SWIFT_COMPILATION_MODE = wholemodule;
				SWIFT_OPTIMIZATION_LEVEL = "-O";
				VALIDATE_PRODUCT = YES;
			};
			name = Release;
		};
		97262C80221563070004697D /* Debug */ = {
			isa = XCBuildConfiguration;
			baseConfigurationReference = 6DA884E1D31F016C6BC1DC8E /* Pods-Rond.debug.xcconfig */;
			buildSettings = {
				ASSETCATALOG_COMPILER_APPICON_NAME = AppIcon;
				CODE_SIGN_STYLE = Automatic;
				DEVELOPMENT_TEAM = 79RY8264V4;
				INFOPLIST_FILE = "Source-Rond/Info.plist";
				LD_RUNPATH_SEARCH_PATHS = (
					"$(inherited)",
					"@executable_path/Frameworks",
				);
				PRODUCT_BUNDLE_IDENTIFIER = me.syan.Rond;
				PRODUCT_NAME = "$(TARGET_NAME)";
				SWIFT_VERSION = 4.2;
				TARGETED_DEVICE_FAMILY = "1,2";
			};
			name = Debug;
		};
		97262C81221563070004697D /* Release */ = {
			isa = XCBuildConfiguration;
			baseConfigurationReference = E94F6F07691516271CB81EAE /* Pods-Rond.release.xcconfig */;
			buildSettings = {
				ASSETCATALOG_COMPILER_APPICON_NAME = AppIcon;
				CODE_SIGN_STYLE = Automatic;
				DEVELOPMENT_TEAM = 79RY8264V4;
				INFOPLIST_FILE = "Source-Rond/Info.plist";
				LD_RUNPATH_SEARCH_PATHS = (
					"$(inherited)",
					"@executable_path/Frameworks",
				);
				PRODUCT_BUNDLE_IDENTIFIER = me.syan.Rond;
				PRODUCT_NAME = "$(TARGET_NAME)";
				SWIFT_VERSION = 4.2;
				TARGETED_DEVICE_FAMILY = "1,2";
			};
			name = Release;
		};
		97262C962215631A0004697D /* Debug */ = {
			isa = XCBuildConfiguration;
			baseConfigurationReference = 0E6759E33F70D7FC7FCDD078 /* Pods-Grille.debug.xcconfig */;
			buildSettings = {
				ASSETCATALOG_COMPILER_APPICON_NAME = AppIcon;
				CODE_SIGN_STYLE = Automatic;
				DEVELOPMENT_TEAM = 79RY8264V4;
				INFOPLIST_FILE = "Source-Grille/Info.plist";
				LD_RUNPATH_SEARCH_PATHS = (
					"$(inherited)",
					"@executable_path/Frameworks",
				);
				PRODUCT_BUNDLE_IDENTIFIER = me.syan.Grille;
				PRODUCT_NAME = "$(TARGET_NAME)";
				SWIFT_VERSION = 4.2;
				TARGETED_DEVICE_FAMILY = "1,2";
			};
			name = Debug;
		};
		97262C972215631A0004697D /* Release */ = {
			isa = XCBuildConfiguration;
			baseConfigurationReference = 9D7741972A80571BA1AF4765 /* Pods-Grille.release.xcconfig */;
			buildSettings = {
				ASSETCATALOG_COMPILER_APPICON_NAME = AppIcon;
				CODE_SIGN_STYLE = Automatic;
				DEVELOPMENT_TEAM = 79RY8264V4;
				INFOPLIST_FILE = "Source-Grille/Info.plist";
				LD_RUNPATH_SEARCH_PATHS = (
					"$(inherited)",
					"@executable_path/Frameworks",
				);
				PRODUCT_BUNDLE_IDENTIFIER = me.syan.Grille;
				PRODUCT_NAME = "$(TARGET_NAME)";
				SWIFT_VERSION = 4.2;
				TARGETED_DEVICE_FAMILY = "1,2";
			};
			name = Release;
		};
/* End XCBuildConfiguration section */

/* Begin XCConfigurationList section */
		97262C4C221562A90004697D /* Build configuration list for PBXProject "Generative" */ = {
			isa = XCConfigurationList;
			buildConfigurations = (
				97262C61221562AA0004697D /* Debug */,
				97262C62221562AA0004697D /* Release */,
			);
			defaultConfigurationIsVisible = 0;
			defaultConfigurationName = Release;
		};
		97262C7F221563070004697D /* Build configuration list for PBXNativeTarget "Rond" */ = {
			isa = XCConfigurationList;
			buildConfigurations = (
				97262C80221563070004697D /* Debug */,
				97262C81221563070004697D /* Release */,
			);
			defaultConfigurationIsVisible = 0;
			defaultConfigurationName = Release;
		};
		97262C952215631A0004697D /* Build configuration list for PBXNativeTarget "Grille" */ = {
			isa = XCConfigurationList;
			buildConfigurations = (
				97262C962215631A0004697D /* Debug */,
				97262C972215631A0004697D /* Release */,
			);
			defaultConfigurationIsVisible = 0;
			defaultConfigurationName = Release;
		};
/* End XCConfigurationList section */
	};
	rootObject = 97262C49221562A90004697D /* Project object */;
}
